
Microsoft Visual Studio Solution File, Format Version 12.00
# Visual Studio 2013
VisualStudioVersion = 12.0.21005.1
MinimumVisualStudioVersion = 10.0.40219.1
Project("{FAE04EC0-301F-11D3-BF4B-00C04F79EFBC}") = "Elektro", "Elektro\Elektro.csproj", "{EB2431CB-B550-47B6-ABE4-40327EC9F930}"
EndProject
Project("{FAE04EC0-301F-11D3-BF4B-00C04F79EFBC}") = "CamadaDados", "CamadaDados\CamadaDados.csproj", "{336CD272-6253-4868-B267-56B37F412459}"
EndProject
Project("{FAE04EC0-301F-11D3-BF4B-00C04F79EFBC}") = "Utilitarios", "Utilitarios\Utilitarios.csproj", "{CE2AC18A-DEB8-45F4-A2B0-6A61AE07BACB}"
EndProject
Project("{FAE04EC0-301F-11D3-BF4B-00C04F79EFBC}") = "CamadaControle", "CamadaControle\CamadaControle.csproj", "{4DA6D7A5-A41A-44AF-81AC-FE4D0CE76855}"
EndProject
Project("{FAE04EC0-301F-11D3-BF4B-00C04F79EFBC}") = "Modelo", "Modelo\Modelo.csproj", "{361A9D9B-3741-4422-8943-C1825CD8FFC4}"
EndProject
Global
	GlobalSection(SolutionConfigurationPlatforms) = preSolution
		Debug|Any CPU = Debug|Any CPU
		Release|Any CPU = Release|Any CPU
	EndGlobalSection
	GlobalSection(ProjectConfigurationPlatforms) = postSolution
		{EB2431CB-B550-47B6-ABE4-40327EC9F930}.Debug|Any CPU.ActiveCfg = Debug|Any CPU
		{EB2431CB-B550-47B6-ABE4-40327EC9F930}.Debug|Any CPU.Build.0 = Debug|Any CPU
		{EB2431CB-B550-47B6-ABE4-40327EC9F930}.Release|Any CPU.ActiveCfg = Release|Any CPU
		{EB2431CB-B550-47B6-ABE4-40327EC9F930}.Release|Any CPU.Build.0 = Release|Any CPU
		{336CD272-6253-4868-B267-56B37F412459}.Debug|Any CPU.ActiveCfg = Debug|Any CPU
		{336CD272-6253-4868-B267-56B37F412459}.Debug|Any CPU.Build.0 = Debug|Any CPU
		{336CD272-6253-4868-B267-56B37F412459}.Release|Any CPU.ActiveCfg = Release|Any CPU
		{336CD272-6253-4868-B267-56B37F412459}.Release|Any CPU.Build.0 = Release|Any CPU
		{CE2AC18A-DEB8-45F4-A2B0-6A61AE07BACB}.Debug|Any CPU.ActiveCfg = Debug|Any CPU
		{CE2AC18A-DEB8-45F4-A2B0-6A61AE07BACB}.Debug|Any CPU.Build.0 = Debug|Any CPU
		{CE2AC18A-DEB8-45F4-A2B0-6A61AE07BACB}.Release|Any CPU.ActiveCfg = Release|Any CPU
		{CE2AC18A-DEB8-45F4-A2B0-6A61AE07BACB}.Release|Any CPU.Build.0 = Release|Any CPU
		{4DA6D7A5-A41A-44AF-81AC-FE4D0CE76855}.Debug|Any CPU.ActiveCfg = Debug|Any CPU
		{4DA6D7A5-A41A-44AF-81AC-FE4D0CE76855}.Debug|Any CPU.Build.0 = Debug|Any CPU
		{4DA6D7A5-A41A-44AF-81AC-FE4D0CE76855}.Release|Any CPU.ActiveCfg = Release|Any CPU
		{4DA6D7A5-A41A-44AF-81AC-FE4D0CE76855}.Release|Any CPU.Build.0 = Release|Any CPU
		{361A9D9B-3741-4422-8943-C1825CD8FFC4}.Debug|Any CPU.ActiveCfg = Debug|Any CPU
		{361A9D9B-3741-4422-8943-C1825CD8FFC4}.Debug|Any CPU.Build.0 = Debug|Any CPU
		{361A9D9B-3741-4422-8943-C1825CD8FFC4}.Release|Any CPU.ActiveCfg = Release|Any CPU
		{361A9D9B-3741-4422-8943-C1825CD8FFC4}.Release|Any CPU.Build.0 = Release|Any CPU
	EndGlobalSection
	GlobalSection(SolutionProperties) = preSolution
		HideSolutionNode = FALSE
	EndGlobalSection
EndGlobal
